
Microsoft Visual Studio Solution File, Format Version 12.00
# Visual Studio Version 17
VisualStudioVersion = 17.6.33723.286
MinimumVisualStudioVersion = 10.0.40219.1
Project("{FAE04EC0-301F-11D3-BF4B-00C04F79EFBC}") = "RazorPagesDemoApp", "RazorPagesDemoApp\RazorPagesDemoApp.csproj", "{CF300797-A94C-4ECE-97FC-842B565A4566}"
EndProject
Global
	GlobalSection(SolutionConfigurationPlatforms) = preSolution
		Debug|Any CPU = Debug|Any CPU
		Release|Any CPU = Release|Any CPU
	EndGlobalSection
	GlobalSection(ProjectConfigurationPlatforms) = postSolution
		{CF300797-A94C-4ECE-97FC-842B565A4566}.Debug|Any CPU.ActiveCfg = Debug|Any CPU
		{CF300797-A94C-4ECE-97FC-842B565A4566}.Debug|Any CPU.Build.0 = Debug|Any CPU
		{CF300797-A94C-4ECE-97FC-842B565A4566}.Release|Any CPU.ActiveCfg = Release|Any CPU
		{CF300797-A94C-4ECE-97FC-842B565A4566}.Release|Any CPU.Build.0 = Release|Any CPU
	EndGlobalSection
	GlobalSection(SolutionProperties) = preSolution
		HideSolutionNode = FALSE
	EndGlobalSection
	GlobalSection(ExtensibilityGlobals) = postSolution
		SolutionGuid = {E2B93553-EB13-4E94-BB2D-F0A1FD70E80E}
	EndGlobalSection
EndGlobal
